
Microsoft Visual Studio Solution File, Format Version 12.00
# Visual Studio Version 16
VisualStudioVersion = 16.0.29319.158
MinimumVisualStudioVersion = 10.0.40219.1
Project("{FAE04EC0-301F-11D3-BF4B-00C04F79EFBC}") = "myWebServer", "myWebServer.csproj", "{AECF99A5-146E-4EBB-9B80-A1D1EE36CB62}"
EndProject
Global
	GlobalSection(SolutionConfigurationPlatforms) = preSolution
		Debug|Any CPU = Debug|Any CPU
		Release|Any CPU = Release|Any CPU
	EndGlobalSection
	GlobalSection(ProjectConfigurationPlatforms) = postSolution
		{AECF99A5-146E-4EBB-9B80-A1D1EE36CB62}.Debug|Any CPU.ActiveCfg = Debug|Any CPU
		{AECF99A5-146E-4EBB-9B80-A1D1EE36CB62}.Debug|Any CPU.Build.0 = Debug|Any CPU
		{AECF99A5-146E-4EBB-9B80-A1D1EE36CB62}.Release|Any CPU.ActiveCfg = Release|Any CPU
		{AECF99A5-146E-4EBB-9B80-A1D1EE36CB62}.Release|Any CPU.Build.0 = Release|Any CPU
	EndGlobalSection
	GlobalSection(SolutionProperties) = preSolution
		HideSolutionNode = FALSE
	EndGlobalSection
	GlobalSection(ExtensibilityGlobals) = postSolution
		SolutionGuid = {06AF2FD7-7DB7-4673-85B4-0D8731F71086}
	EndGlobalSection
EndGlobal
